
Microsoft Visual Studio Solution File, Format Version 12.00
# Visual Studio Version 17
VisualStudioVersion = 17.5.33530.505
MinimumVisualStudioVersion = 10.0.40219.1
Project("{FAE04EC0-301F-11D3-BF4B-00C04F79EFBC}") = "LabConsole", "LabConsole.csproj", "{6DCCFB6B-44F3-4E0B-B642-3558F33A0368}"
EndProject
Project("{FAE04EC0-301F-11D3-BF4B-00C04F79EFBC}") = "Unit testing", "..\Unit testing\Unit testing.csproj", "{BA56A5EE-10D1-4D7A-A152-0D9304C0E46D}"
EndProject
Global
	GlobalSection(SolutionConfigurationPlatforms) = preSolution
		Debug|Any CPU = Debug|Any CPU
		Release|Any CPU = Release|Any CPU
	EndGlobalSection
	GlobalSection(ProjectConfigurationPlatforms) = postSolution
		{6DCCFB6B-44F3-4E0B-B642-3558F33A0368}.Debug|Any CPU.ActiveCfg = Debug|Any CPU
		{6DCCFB6B-44F3-4E0B-B642-3558F33A0368}.Debug|Any CPU.Build.0 = Debug|Any CPU
		{6DCCFB6B-44F3-4E0B-B642-3558F33A0368}.Release|Any CPU.ActiveCfg = Release|Any CPU
		{6DCCFB6B-44F3-4E0B-B642-3558F33A0368}.Release|Any CPU.Build.0 = Release|Any CPU
		{BA56A5EE-10D1-4D7A-A152-0D9304C0E46D}.Debug|Any CPU.ActiveCfg = Debug|Any CPU
		{BA56A5EE-10D1-4D7A-A152-0D9304C0E46D}.Debug|Any CPU.Build.0 = Debug|Any CPU
		{BA56A5EE-10D1-4D7A-A152-0D9304C0E46D}.Release|Any CPU.ActiveCfg = Release|Any CPU
		{BA56A5EE-10D1-4D7A-A152-0D9304C0E46D}.Release|Any CPU.Build.0 = Release|Any CPU
	EndGlobalSection
	GlobalSection(SolutionProperties) = preSolution
		HideSolutionNode = FALSE
	EndGlobalSection
	GlobalSection(ExtensibilityGlobals) = postSolution
		SolutionGuid = {6DA119BE-2EA0-4083-BB47-BEEC2401F97E}
	EndGlobalSection
EndGlobal
